
Microsoft Visual Studio Solution File, Format Version 12.00
# Visual Studio Version 17
VisualStudioVersion = 17.9.34902.65
MinimumVisualStudioVersion = 10.0.40219.1
Project("{FAE04EC0-301F-11D3-BF4B-00C04F79EFBC}") = "timer", "timer\timer.csproj", "{5E7186F0-35EB-4A1F-94FF-9A2D6D3505BA}"
EndProject
Global
	GlobalSection(SolutionConfigurationPlatforms) = preSolution
		Debug|Any CPU = Debug|Any CPU
		Release|Any CPU = Release|Any CPU
	EndGlobalSection
	GlobalSection(ProjectConfigurationPlatforms) = postSolution
		{5E7186F0-35EB-4A1F-94FF-9A2D6D3505BA}.Debug|Any CPU.ActiveCfg = Debug|Any CPU
		{5E7186F0-35EB-4A1F-94FF-9A2D6D3505BA}.Debug|Any CPU.Build.0 = Debug|Any CPU
		{5E7186F0-35EB-4A1F-94FF-9A2D6D3505BA}.Release|Any CPU.ActiveCfg = Release|Any CPU
		{5E7186F0-35EB-4A1F-94FF-9A2D6D3505BA}.Release|Any CPU.Build.0 = Release|Any CPU
	EndGlobalSection
	GlobalSection(SolutionProperties) = preSolution
		HideSolutionNode = FALSE
	EndGlobalSection
	GlobalSection(ExtensibilityGlobals) = postSolution
		SolutionGuid = {5DB1B5FE-FEC0-43A1-90FA-963DBE0B98F0}
	EndGlobalSection
EndGlobal
